
Microsoft Visual Studio Solution File, Format Version 12.00
# Visual Studio Version 16
VisualStudioVersion = 16.0.30011.22
MinimumVisualStudioVersion = 10.0.40219.1
Project("{FAE04EC0-301F-11D3-BF4B-00C04F79EFBC}") = "MessengerServer", "MessengerServer\MessengerServer.csproj", "{779312F9-85BD-4F4B-A5E3-166E5610B496}"
EndProject
Project("{FAE04EC0-301F-11D3-BF4B-00C04F79EFBC}") = "MessengerClient", "..\MessengerClient\MessengerClient\MessengerClient.csproj", "{E4CEF3F2-E738-4894-8EA6-05CFB6FA5956}"
EndProject
Global
	GlobalSection(SolutionConfigurationPlatforms) = preSolution
		Debug|Any CPU = Debug|Any CPU
		Release|Any CPU = Release|Any CPU
	EndGlobalSection
	GlobalSection(ProjectConfigurationPlatforms) = postSolution
		{779312F9-85BD-4F4B-A5E3-166E5610B496}.Debug|Any CPU.ActiveCfg = Debug|Any CPU
		{779312F9-85BD-4F4B-A5E3-166E5610B496}.Debug|Any CPU.Build.0 = Debug|Any CPU
		{779312F9-85BD-4F4B-A5E3-166E5610B496}.Release|Any CPU.ActiveCfg = Release|Any CPU
		{779312F9-85BD-4F4B-A5E3-166E5610B496}.Release|Any CPU.Build.0 = Release|Any CPU
		{E4CEF3F2-E738-4894-8EA6-05CFB6FA5956}.Debug|Any CPU.ActiveCfg = Debug|Any CPU
		{E4CEF3F2-E738-4894-8EA6-05CFB6FA5956}.Debug|Any CPU.Build.0 = Debug|Any CPU
		{E4CEF3F2-E738-4894-8EA6-05CFB6FA5956}.Release|Any CPU.ActiveCfg = Release|Any CPU
		{E4CEF3F2-E738-4894-8EA6-05CFB6FA5956}.Release|Any CPU.Build.0 = Release|Any CPU
	EndGlobalSection
	GlobalSection(SolutionProperties) = preSolution
		HideSolutionNode = FALSE
	EndGlobalSection
	GlobalSection(ExtensibilityGlobals) = postSolution
		SolutionGuid = {C378B613-8B3E-49B2-B0D2-5547533567B4}
	EndGlobalSection
EndGlobal
